version = 1
revision = 1
requires-python = ">=3.12"

[[package]]
name = "brain-games"
version = "0.5.1"
source = { registry = "https://pypi.org/simple" }
dependencies = [
    { name = "prompt" },
    { name = "pyprimer" },
]
sdist = { url = "https://files.pythonhosted.org/packages/43/3b/e8f559dd90c66343259e6b9ba121381d36e539c11604378acc26dee3231e/brain_games-0.5.1.tar.gz", hash = "sha256:35758cd6415c777d21301e1fd7290d15e1e5a4e38a60008d2c432a0257b8c203", size = 4251 }
wheels = [
    { url = "https://files.pythonhosted.org/packages/fd/93/4b43f737de8b77577be3eee3505c12da4c0235d514e62c93b506c8102625/brain_games-0.5.1-py3-none-any.whl", hash = "sha256:8f16e2dc18695635c4f3da38a05ff142b74c5a6a01dc6bfe1e9f85408da3d7ae", size = 8307 },
]

[[package]]
name = "hexlet-code"
version = "0.1.0"
source = { editable = "." }
dependencies = [
    { name = "brain-games" },
    { name = "prompt" },
    { name = "prompt-toolkit" },
]

[package.dev-dependencies]
dev = [
    { name = "ruff" },
]

[package.metadata]
requires-dist = [
    { name = "brain-games", specifier = ">=0.5.1" },
    { name = "prompt", specifier = ">=0.4.1" },
    { name = "prompt-toolkit", specifier = ">=3.0.50" },
]

[package.metadata.requires-dev]
dev = [{ name = "ruff", specifier = ">=0.11.4" }]

[[package]]
name = "prompt"
version = "0.4.1"
source = { registry = "https://pypi.org/simple" }
sdist = { url = "https://files.pythonhosted.org/packages/a6/f1/f550fffbdbe3ca55591d2c34f7d561ee8126a2e4f0b402a84860a31a5f68/prompt-0.4.1.tar.gz", hash = "sha256:8a7694b88f8c65188a983315e72582bf42fcc251b97042be1d2a2ad1aa0ebe0e", size = 6500 }
wheels = [
    { url = "https://files.pythonhosted.org/packages/de/2a/baf04fe6bef0b73666fd891db1c395813ee9691f949ae4b42500dc440adb/prompt-0.4.1-py3-none-any.whl", hash = "sha256:98527de8dc3f0aa29669a39fbffeaf578ba6654dc836f737b6a5c6f9279002b7", size = 7149 },
]

[[package]]
name = "prompt-toolkit"
version = "3.0.50"
source = { registry = "https://pypi.org/simple" }
dependencies = [
    { name = "wcwidth" },
]
sdist = { url = "https://files.pythonhosted.org/packages/a1/e1/bd15cb8ffdcfeeb2bdc215de3c3cffca11408d829e4b8416dcfe71ba8854/prompt_toolkit-3.0.50.tar.gz", hash = "sha256:544748f3860a2623ca5cd6d2795e7a14f3d0e1c3c9728359013f79877fc89bab", size = 429087 }
wheels = [
    { url = "https://files.pythonhosted.org/packages/e4/ea/d836f008d33151c7a1f62caf3d8dd782e4d15f6a43897f64480c2b8de2ad/prompt_toolkit-3.0.50-py3-none-any.whl", hash = "sha256:9b6427eb19e479d98acff65196a307c555eb567989e6d88ebbb1b509d9779198", size = 387816 },
]

[[package]]
name = "pyprimer"
version = "0.1.0"
source = { registry = "https://pypi.org/simple" }
sdist = { url = "https://files.pythonhosted.org/packages/1c/81/c7ec7aa21751095c0a8ab699c8089f8075212b0bdbc8b70de3355c4e5de1/pyprimer-0.1.0.tar.gz", hash = "sha256:865d9cf6de71f13cfb8c971150b0d9ea82d783b70eb146f43afce8ec51070d7b", size = 2025 }
wheels = [
    { url = "https://files.pythonhosted.org/packages/52/82/8b4bf5da0fee7c88c88001cd5ab53fd39b3ba186abc7923fb9d7f543b5c1/pyprimer-0.1.0-py3-none-any.whl", hash = "sha256:81bbd8d36b04d944d5d3f50a3cbf30e2596f8fdc834d1e18d882c4aba443b52a", size = 2463 },
]

[[package]]
name = "ruff"
version = "0.11.4"
source = { registry = "https://pypi.org/simple" }
sdist = { url = "https://files.pythonhosted.org/packages/e8/5b/3ae20f89777115944e89c2d8c2e795dcc5b9e04052f76d5347e35e0da66e/ruff-0.11.4.tar.gz", hash = "sha256:f45bd2fb1a56a5a85fae3b95add03fb185a0b30cf47f5edc92aa0355ca1d7407", size = 3933063 }
wheels = [
    { url = "https://files.pythonhosted.org/packages/9c/db/baee59ac88f57527fcbaad3a7b309994e42329c6bc4d4d2b681a3d7b5426/ruff-0.11.4-py3-none-linux_armv6l.whl", hash = "sha256:d9f4a761ecbde448a2d3e12fb398647c7f0bf526dbc354a643ec505965824ed2", size = 10106493 },
    { url = "https://files.pythonhosted.org/packages/c1/d6/9a0962cbb347f4ff98b33d699bf1193ff04ca93bed4b4222fd881b502154/ruff-0.11.4-py3-none-macosx_10_12_x86_64.whl", hash = "sha256:8c1747d903447d45ca3d40c794d1a56458c51e5cc1bc77b7b64bd2cf0b1626cc", size = 10876382 },
    { url = "https://files.pythonhosted.org/packages/3a/8f/62bab0c7d7e1ae3707b69b157701b41c1ccab8f83e8501734d12ea8a839f/ruff-0.11.4-py3-none-macosx_11_0_arm64.whl", hash = "sha256:51a6494209cacca79e121e9b244dc30d3414dac8cc5afb93f852173a2ecfc906", size = 10237050 },
    { url = "https://files.pythonhosted.org/packages/09/96/e296965ae9705af19c265d4d441958ed65c0c58fc4ec340c27cc9d2a1f5b/ruff-0.11.4-py3-none-manylinux_2_17_aarch64.manylinux2014_aarch64.whl", hash = "sha256:3f171605f65f4fc49c87f41b456e882cd0c89e4ac9d58e149a2b07930e1d466f", size = 10424984 },
    { url = "https://files.pythonhosted.org/packages/e5/56/644595eb57d855afed6e54b852e2df8cd5ca94c78043b2f29bdfb29882d5/ruff-0.11.4-py3-none-manylinux_2_17_armv7l.manylinux2014_armv7l.whl", hash = "sha256:ebf99ea9af918878e6ce42098981fc8c1db3850fef2f1ada69fb1dcdb0f8e79e", size = 9957438 },
    { url = "https://files.pythonhosted.org/packages/86/83/9d3f3bed0118aef3e871ded9e5687fb8c5776bde233427fd9ce0a45db2d4/ruff-0.11.4-py3-none-manylinux_2_17_i686.manylinux2014_i686.whl", hash = "sha256:edad2eac42279df12e176564a23fc6f4aaeeb09abba840627780b1bb11a9d223", size = 11547282 },
    { url = "https://files.pythonhosted.org/packages/40/e6/0c6e4f5ae72fac5ccb44d72c0111f294a5c2c8cc5024afcb38e6bda5f4b3/ruff-0.11.4-py3-none-manylinux_2_17_ppc64.manylinux2014_ppc64.whl", hash = "sha256:f103a848be9ff379fc19b5d656c1f911d0a0b4e3e0424f9532ececf319a4296e", size = 12182020 },
    { url = "https://files.pythonhosted.org/packages/b5/92/4aed0e460aeb1df5ea0c2fbe8d04f9725cccdb25d8da09a0d3f5b8764bf8/ruff-0.11.4-py3-none-manylinux_2_17_ppc64le.manylinux2014_ppc64le.whl", hash = "sha256:193e6fac6eb60cc97b9f728e953c21cc38a20077ed64f912e9d62b97487f3f2d", size = 11679154 },
    { url = "https://files.pythonhosted.org/packages/1b/d3/7316aa2609f2c592038e2543483eafbc62a0e1a6a6965178e284808c095c/ruff-0.11.4-py3-none-manylinux_2_17_s390x.manylinux2014_s390x.whl", hash = "sha256:7af4e5f69b7c138be8dcffa5b4a061bf6ba6a3301f632a6bce25d45daff9bc99", size = 13905985 },
    { url = "https://files.pythonhosted.org/packages/63/80/734d3d17546e47ff99871f44ea7540ad2bbd7a480ed197fe8a1c8a261075/ruff-0.11.4-py3-none-manylinux_2_17_x86_64.manylinux2014_x86_64.whl", hash = "sha256:126b1bf13154aa18ae2d6c3c5efe144ec14b97c60844cfa6eb960c2a05188222", size = 11348343 },
    { url = "https://files.pythonhosted.org/packages/04/7b/70fc7f09a0161dce9613a4671d198f609e653d6f4ff9eee14d64c4c240fb/ruff-0.11.4-py3-none-musllinux_1_2_aarch64.whl", hash = "sha256:e8806daaf9dfa881a0ed603f8a0e364e4f11b6ed461b56cae2b1c0cab0645304", size = 10308487 },
    { url = "https://files.pythonhosted.org/packages/1a/22/1cdd62dabd678d75842bf4944fd889cf794dc9e58c18cc547f9eb28f95ed/ruff-0.11.4-py3-none-musllinux_1_2_armv7l.whl", hash = "sha256:5d94bb1cc2fc94a769b0eb975344f1b1f3d294da1da9ddbb5a77665feb3a3019", size = 9929091 },
    { url = "https://files.pythonhosted.org/packages/9f/20/40e0563506332313148e783bbc1e4276d657962cc370657b2fff20e6e058/ruff-0.11.4-py3-none-musllinux_1_2_i686.whl", hash = "sha256:995071203d0fe2183fc7a268766fd7603afb9996785f086b0d76edee8755c896", size = 10924659 },
    { url = "https://files.pythonhosted.org/packages/b5/41/eef9b7aac8819d9e942f617f9db296f13d2c4576806d604aba8db5a753f1/ruff-0.11.4-py3-none-musllinux_1_2_x86_64.whl", hash = "sha256:7a37ca937e307ea18156e775a6ac6e02f34b99e8c23fe63c1996185a4efe0751", size = 11428160 },
    { url = "https://files.pythonhosted.org/packages/ff/61/c488943414fb2b8754c02f3879de003e26efdd20f38167ded3fb3fc1cda3/ruff-0.11.4-py3-none-win32.whl", hash = "sha256:0e9365a7dff9b93af933dab8aebce53b72d8f815e131796268709890b4a83270", size = 10311496 },
    { url = "https://files.pythonhosted.org/packages/b6/2b/2a1c8deb5f5dfa3871eb7daa41492c4d2b2824a74d2b38e788617612a66d/ruff-0.11.4-py3-none-win_amd64.whl", hash = "sha256:5a9fa1c69c7815e39fcfb3646bbfd7f528fa8e2d4bebdcf4c2bd0fa037a255fb", size = 11399146 },
    { url = "https://files.pythonhosted.org/packages/4f/03/3aec4846226d54a37822e4c7ea39489e4abd6f88388fba74e3d4abe77300/ruff-0.11.4-py3-none-win_arm64.whl", hash = "sha256:d435db6b9b93d02934cf61ef332e66af82da6d8c69aefdea5994c89997c7a0fc", size = 10450306 },
]

[[package]]
name = "wcwidth"
version = "0.2.13"
source = { registry = "https://pypi.org/simple" }
sdist = { url = "https://files.pythonhosted.org/packages/6c/63/53559446a878410fc5a5974feb13d31d78d752eb18aeba59c7fef1af7598/wcwidth-0.2.13.tar.gz", hash = "sha256:72ea0c06399eb286d978fdedb6923a9eb47e1c486ce63e9b4e64fc18303972b5", size = 101301 }
wheels = [
    { url = "https://files.pythonhosted.org/packages/fd/84/fd2ba7aafacbad3c4201d395674fc6348826569da3c0937e75505ead3528/wcwidth-0.2.13-py2.py3-none-any.whl", hash = "sha256:3da69048e4540d84af32131829ff948f1e022c1c6bdb8d6102117aac784f6859", size = 34166 },
]
